
Microsoft Visual Studio Solution File, Format Version 12.00
# Visual Studio Version 16
VisualStudioVersion = 16.0.34407.143
MinimumVisualStudioVersion = 10.0.40219.1
Project("{FAE04EC0-301F-11D3-BF4B-00C04F79EFBC}") = "University.API", "University.API\University.API.csproj", "{C3A7711E-F6DD-40C8-B718-9B3102C7B1A8}"
EndProject
Global
	GlobalSection(SolutionConfigurationPlatforms) = preSolution
		Debug|Any CPU = Debug|Any CPU
		Release|Any CPU = Release|Any CPU
	EndGlobalSection
	GlobalSection(ProjectConfigurationPlatforms) = postSolution
		{C3A7711E-F6DD-40C8-B718-9B3102C7B1A8}.Debug|Any CPU.ActiveCfg = Debug|Any CPU
		{C3A7711E-F6DD-40C8-B718-9B3102C7B1A8}.Debug|Any CPU.Build.0 = Debug|Any CPU
		{C3A7711E-F6DD-40C8-B718-9B3102C7B1A8}.Release|Any CPU.ActiveCfg = Release|Any CPU
		{C3A7711E-F6DD-40C8-B718-9B3102C7B1A8}.Release|Any CPU.Build.0 = Release|Any CPU
	EndGlobalSection
	GlobalSection(SolutionProperties) = preSolution
		HideSolutionNode = FALSE
	EndGlobalSection
	GlobalSection(ExtensibilityGlobals) = postSolution
		SolutionGuid = {E9A3B97E-1650-4A49-8356-04D341F5AF89}
	EndGlobalSection
EndGlobal
